packages:
  - name: dbt_utils
    package: dbt-labs/dbt_utils
    version: 1.1.1
  - name: dbt_expectations
    package: metaplane/dbt_expectations
    version: 0.10.3
  - name: codegen
    package: dbt-labs/codegen
    version: 0.14.1
  - name: audit_helper
    package: dbt-labs/audit_helper
    version: 0.14.0
  - name: dbt_project_evaluator
    package: dbt-labs/dbt_project_evaluator
    version: 1.3.0
sha1_hash: 656b779b4b1be097ea1ddb913eb9722cad59b26f
